Microsoft Visual Studio Solution File, Format Version 11.00
# Visual Studio 2008

Project("{41178273-0926-9C91-F9F9-0F311432C698}") = "2D New", "Assembly-UnityScript.unityproj", "{61AA7FFB-7BB0-7AA7-83C9-2017319F1B3D}"
EndProject
Global
	GlobalSection(SolutionConfigurationPlatforms) = preSolution
		Debug|Any CPU = Debug|Any CPU
		Release|Any CPU = Release|Any CPU
	EndGlobalSection
	GlobalSection(ProjectConfigurationPlatforms) = postSolution
		{61AA7FFB-7BB0-7AA7-83C9-2017319F1B3D}.Debug|Any CPU.ActiveCfg = Debug|Any CPU
		{61AA7FFB-7BB0-7AA7-83C9-2017319F1B3D}.Debug|Any CPU.Build.0 = Debug|Any CPU
		{61AA7FFB-7BB0-7AA7-83C9-2017319F1B3D}.Release|Any CPU.ActiveCfg = Release|Any CPU
		{61AA7FFB-7BB0-7AA7-83C9-2017319F1B3D}.Release|Any CPU.Build.0 = Release|Any CPU
	EndGlobalSection
	GlobalSection(SolutionProperties) = preSolution
		HideSolutionNode = FALSE
	EndGlobalSection
								GlobalSection(MonoDevelopProperties) = preSolution
		StartupItem = Assembly-CSharp.csproj
		Policies = $0
		$0.TextStylePolicy = $1
		$1.inheritsSet = null
		$1.scope = text/x-csharp
		$0.CSharpFormattingPolicy = $2
		$2.inheritsSet = Mono
		$2.inheritsScope = text/x-csharp
		$2.scope = text/x-csharp
		$0.TextStylePolicy = $3
		$3.FileWidth = 120
		$3.TabWidth = 4
		$3.EolMarker = Unix
		$3.inheritsSet = Mono
		$3.inheritsScope = text/plain
		$3.scope = text/plain
	EndGlobalSection

EndGlobal
